{
  "requires": true,
  "lockfileVersion": 1,
  "dependencies": {
    "jshint-visual-studio": {
      "version": "1.0.1",
      "resolved": "https://registry.npmjs.org/jshint-visual-studio/-/jshint-visual-studio-1.0.1.tgz",
      "integrity": "sha1-f3IrQ4j5JbaKcWQHsJOMf9mUDTQ=",
      "dev": true
    }
  }
}
